
Microsoft Visual Studio Solution File, Format Version 12.00
# Visual Studio Version 16
VisualStudioVersion = 16.0.31205.134
MinimumVisualStudioVersion = 10.0.40219.1
Project("{FAE04EC0-301F-11D3-BF4B-00C04F79EFBC}") = "KH_Editor", "KH_Editor.csproj", "{B703C48E-800C-4C3B-B3ED-C8494AE3C5D5}"
EndProject
Global
	GlobalSection(SolutionConfigurationPlatforms) = preSolution
		Debug|Any CPU = Debug|Any CPU
		Release|Any CPU = Release|Any CPU
	EndGlobalSection
	GlobalSection(ProjectConfigurationPlatforms) = postSolution
		{B703C48E-800C-4C3B-B3ED-C8494AE3C5D5}.Debug|Any CPU.ActiveCfg = Debug|Any CPU
		{B703C48E-800C-4C3B-B3ED-C8494AE3C5D5}.Debug|Any CPU.Build.0 = Debug|Any CPU
		{B703C48E-800C-4C3B-B3ED-C8494AE3C5D5}.Release|Any CPU.ActiveCfg = Release|Any CPU
		{B703C48E-800C-4C3B-B3ED-C8494AE3C5D5}.Release|Any CPU.Build.0 = Release|Any CPU
	EndGlobalSection
	GlobalSection(SolutionProperties) = preSolution
		HideSolutionNode = FALSE
	EndGlobalSection
	GlobalSection(ExtensibilityGlobals) = postSolution
		SolutionGuid = {74A43895-23C5-45E4-9D7C-6B4F81961843}
	EndGlobalSection
EndGlobal
